
Microsoft Visual Studio Solution File, Format Version 11.00
# Visual Studio 2010
Project("{FAE04EC0-301F-11D3-BF4B-00C04F79EFBC}") = "Assembly-CSharp", "Assembly-CSharp.csproj", "{7259864f-958b-9604-9429-f537ee50cc88}"
EndProject
Project("{FAE04EC0-301F-11D3-BF4B-00C04F79EFBC}") = "Assembly-CSharp-Editor", "Assembly-CSharp-Editor.csproj", "{a0d3f4b8-9b67-5f80-1ce1-670f5caec906}"
EndProject
Global
	GlobalSection(SolutionConfigurationPlatforms) = preSolution
		Debug|Any CPU = Debug|Any CPU
	EndGlobalSection
	GlobalSection(ProjectConfigurationPlatforms) = postSolution
		{7259864f-958b-9604-9429-f537ee50cc88}.Debug|Any CPU.ActiveCfg = Debug|Any CPU
		{7259864f-958b-9604-9429-f537ee50cc88}.Debug|Any CPU.Build.0 = Debug|Any CPU
		{a0d3f4b8-9b67-5f80-1ce1-670f5caec906}.Debug|Any CPU.ActiveCfg = Debug|Any CPU
		{a0d3f4b8-9b67-5f80-1ce1-670f5caec906}.Debug|Any CPU.Build.0 = Debug|Any CPU
	EndGlobalSection
	GlobalSection(SolutionProperties) = preSolution
		HideSolutionNode = FALSE
	EndGlobalSection
EndGlobal
